// !$*UTF8*$!
{
	archiveVersion = 1;
	classes = {
	};
	objectVersion = 46;
	objects = {

/* Begin PBXBuildFile section */
		060A82971EC1BF26006826E5 /* AppDelegate.swift in Sources */ = {isa = PBXBuildFile; fileRef = 060A82961EC1BF26006826E5 /* AppDelegate.swift */; };
		060A829B1EC1BF26006826E5 /* Actions.sks in Resources */ = {isa = PBXBuildFile; fileRef = 060A829A1EC1BF26006826E5 /* Actions.sks */; };
		060A829D1EC1BF26006826E5 /* GameScene.swift in Sources */ = {isa = PBXBuildFile; fileRef = 060A829C1EC1BF26006826E5 /* GameScene.swift */; };
		060A829F1EC1BF26006826E5 /* GameViewController.swift in Sources */ = {isa = PBXBuildFile; fileRef = 060A829E1EC1BF26006826E5 /* GameViewController.swift */; };
		060A82A21EC1BF26006826E5 /* Main.storyboard in Resources */ = {isa = PBXBuildFile; fileRef = 060A82A01EC1BF26006826E5 /* Main.storyboard */; };
		060A82A41EC1BF26006826E5 /* Assets.xcassets in Resources */ = {isa = PBXBuildFile; fileRef = 060A82A31EC1BF26006826E5 /* Assets.xcassets */; };
		060A82A71EC1BF26006826E5 /* LaunchScreen.storyboard in Resources */ = {isa = PBXBuildFile; fileRef = 060A82A51EC1BF26006826E5 /* LaunchScreen.storyboard */; };
		060A82B51EC1C241006826E5 /* bomb.mp3 in Resources */ = {isa = PBXBuildFile; fileRef = 060A82B01EC1C241006826E5 /* bomb.mp3 */; };
		060A82B61EC1C241006826E5 /* drop.mp3 in Resources */ = {isa = PBXBuildFile; fileRef = 060A82B11EC1C241006826E5 /* drop.mp3 */; };
		060A82B71EC1C241006826E5 /* gameover.mp3 in Resources */ = {isa = PBXBuildFile; fileRef = 060A82B21EC1C241006826E5 /* gameover.mp3 */; };
		060A82B81EC1C241006826E5 /* levelup.mp3 in Resources */ = {isa = PBXBuildFile; fileRef = 060A82B31EC1C241006826E5 /* levelup.mp3 */; };
		060A82B91EC1C241006826E5 /* theme.mp3 in Resources */ = {isa = PBXBuildFile; fileRef = 060A82B41EC1C241006826E5 /* theme.mp3 */; };
		060A82BB1EC1C263006826E5 /* Sprites.atlas in Resources */ = {isa = PBXBuildFile; fileRef = 060A82BA1EC1C263006826E5 /* Sprites.atlas */; };
		060A82BD1EC1C620006826E5 /* Array2D.swift in Sources */ = {isa = PBXBuildFile; fileRef = 060A82BC1EC1C620006826E5 /* Array2D.swift */; };
		060A82BF1EC20F73006826E5 /* Block.swift in Sources */ = {isa = PBXBuildFile; fileRef = 060A82BE1EC20F73006826E5 /* Block.swift */; };
		060A82C11EC21948006826E5 /* Shape.swift in Sources */ = {isa = PBXBuildFile; fileRef = 060A82C01EC21948006826E5 /* Shape.swift */; };
		060A82C31EC22432006826E5 /* SquareShape.swift in Sources */ = {isa = PBXBuildFile; fileRef = 060A82C21EC22432006826E5 /* SquareShape.swift */; };
		060A82C61EC225DF006826E5 /* TShape.swift in Sources */ = {isa = PBXBuildFile; fileRef = 060A82C51EC225DF006826E5 /* TShape.swift */; };
		060A82C81EC2299E006826E5 /* LineShape.swift in Sources */ = {isa = PBXBuildFile; fileRef = 060A82C71EC2299E006826E5 /* LineShape.swift */; };
		060A82CA1EC22A6F006826E5 /* LShape.swift in Sources */ = {isa = PBXBuildFile; fileRef = 060A82C91EC22A6F006826E5 /* LShape.swift */; };
		060A82CC1EC22AD2006826E5 /* JShape.swift in Sources */ = {isa = PBXBuildFile; fileRef = 060A82CB1EC22AD2006826E5 /* JShape.swift */; };
		060A82CE1EC22B5C006826E5 /* SShape.swift in Sources */ = {isa = PBXBuildFile; fileRef = 060A82CD1EC22B5C006826E5 /* SShape.swift */; };
		060A82D01EC22BA1006826E5 /* ZShape.swift in Sources */ = {isa = PBXBuildFile; fileRef = 060A82CF1EC22BA1006826E5 /* ZShape.swift */; };
		060A82D21EC2B099006826E5 /* Swiftris.swift in Sources */ = {isa = PBXBuildFile; fileRef = 060A82D11EC2B099006826E5 /* Swiftris.swift */; };
/* End PBXBuildFile section */

/* Begin PBXFileReference section */
		060A82931EC1BF26006826E5 /* SKSpriteNode *light1 = [self newLight];     light1.position = CGPointMake(-28, 6.f); Diamonds.app */ = {isa = PBXFileReference; explicitFileType = wrapper.application; includeInIndex = 0; path = "SKSpriteNode *light1 = [self newLight];     light1.position = CGPointMake(-28, 6.f); Diamonds.app"; sourceTree = BUILT_PRODUCTS_DIR; };
		060A82961EC1BF26006826E5 /* AppDelegate.swift */ = {isa = PBXFileReference; lastKnownFileType = sourcecode.swift; path = AppDelegate.swift; sourceTree = "<group>"; };
		060A829A1EC1BF26006826E5 /* Actions.sks */ = {isa = PBXFileReference; lastKnownFileType = file.sks; path = Actions.sks; sourceTree = "<group>"; };
		060A829C1EC1BF26006826E5 /* GameScene.swift */ = {isa = PBXFileReference; lastKnownFileType = sourcecode.swift; path = GameScene.swift; sourceTree = "<group>"; };
		060A829E1EC1BF26006826E5 /* GameViewController.swift */ = {isa = PBXFileReference; lastKnownFileType = sourcecode.swift; path = GameViewController.swift; sourceTree = "<group>"; };
		060A82A11EC1BF26006826E5 /* Base */ = {isa = PBXFileReference; lastKnownFileType = file.storyboard; name = Base; path = Base.lproj/Main.storyboard; sourceTree = "<group>"; };
		060A82A31EC1BF26006826E5 /* Assets.xcassets */ = {isa = PBXFileReference; lastKnownFileType = folder.assetcatalog; path = Assets.xcassets; sourceTree = "<group>"; };
		060A82A61EC1BF26006826E5 /* Base */ = {isa = PBXFileReference; lastKnownFileType = file.storyboard; name = Base; path = Base.lproj/LaunchScreen.storyboard; sourceTree = "<group>"; };
		060A82A81EC1BF26006826E5 /* Info.plist */ = {isa = PBXFileReference; lastKnownFileType = text.plist.xml; path = Info.plist; sourceTree = "<group>"; };
		060A82B01EC1C241006826E5 /* bomb.mp3 */ = {isa = PBXFileReference; lastKnownFileType = audio.mp3; path = bomb.mp3; sourceTree = "<group>"; };
		060A82B11EC1C241006826E5 /* drop.mp3 */ = {isa = PBXFileReference; lastKnownFileType = audio.mp3; path = drop.mp3; sourceTree = "<group>"; };
		060A82B21EC1C241006826E5 /* gameover.mp3 */ = {isa = PBXFileReference; lastKnownFileType = audio.mp3; path = gameover.mp3; sourceTree = "<group>"; };
		060A82B31EC1C241006826E5 /* levelup.mp3 */ = {isa = PBXFileReference; lastKnownFileType = audio.mp3; path = levelup.mp3; sourceTree = "<group>"; };
		060A82B41EC1C241006826E5 /* theme.mp3 */ = {isa = PBXFileReference; lastKnownFileType = audio.mp3; path = theme.mp3; sourceTree = "<group>"; };
		060A82BA1EC1C263006826E5 /* Sprites.atlas */ = {isa = PBXFileReference; lastKnownFileType = folder.skatlas; path = Sprites.atlas; sourceTree = "<group>"; };
		060A82BC1EC1C620006826E5 /* Array2D.swift */ = {isa = PBXFileReference; fileEncoding = 4; lastKnownFileType = sourcecode.swift; path = Array2D.swift; sourceTree = "<group>"; };
		060A82BE1EC20F73006826E5 /* Block.swift */ = {isa = PBXFileReference; fileEncoding = 4; lastKnownFileType = sourcecode.swift; path = Block.swift; sourceTree = "<group>"; };
		060A82C01EC21948006826E5 /* Shape.swift */ = {isa = PBXFileReference; fileEncoding = 4; lastKnownFileType = sourcecode.swift; path = Shape.swift; sourceTree = "<group>"; };
		060A82C21EC22432006826E5 /* SquareShape.swift */ = {isa = PBXFileReference; fileEncoding = 4; lastKnownFileType = sourcecode.swift; path = SquareShape.swift; sourceTree = "<group>"; };
		060A82C51EC225DF006826E5 /* TShape.swift */ = {isa = PBXFileReference; fileEncoding = 4; lastKnownFileType = sourcecode.swift; path = TShape.swift; sourceTree = "<group>"; };
		060A82C71EC2299E006826E5 /* LineShape.swift */ = {isa = PBXFileReference; fileEncoding = 4; lastKnownFileType = sourcecode.swift; path = LineShape.swift; sourceTree = "<group>"; };
		060A82C91EC22A6F006826E5 /* LShape.swift */ = {isa = PBXFileReference; fileEncoding = 4; lastKnownFileType = sourcecode.swift; path = LShape.swift; sourceTree = "<group>"; };
		060A82CB1EC22AD2006826E5 /* JShape.swift */ = {isa = PBXFileReference; fileEncoding = 4; lastKnownFileType = sourcecode.swift; path = JShape.swift; sourceTree = "<group>"; };
		060A82CD1EC22B5C006826E5 /* SShape.swift */ = {isa = PBXFileReference; fileEncoding = 4; lastKnownFileType = sourcecode.swift; path = SShape.swift; sourceTree = "<group>"; };
		060A82CF1EC22BA1006826E5 /* ZShape.swift */ = {isa = PBXFileReference; fileEncoding = 4; lastKnownFileType = sourcecode.swift; path = ZShape.swift; sourceTree = "<group>"; };
		060A82D11EC2B099006826E5 /* Swiftris.swift */ = {isa = PBXFileReference; fileEncoding = 4; lastKnownFileType = sourcecode.swift; path = Swiftris.swift; sourceTree = "<group>"; };
/* End PBXFileReference section */

/* Begin PBXFrameworksBuildPhase section */
		060A82901EC1BF26006826E5 /* Frameworks */ = {
			isa = PBXFrameworksBuildPhase;
			buildActionMask = 2147483647;
			files = (
			);
			runOnlyForDeploymentPostprocessing = 0;
		};
/* End PBXFrameworksBuildPhase section */

/* Begin PBXGroup section */
		060A828A1EC1BF26006826E5 = {
			isa = PBXGroup;
			children = (
				060A82951EC1BF26006826E5 /* SKSpriteNode *light1 = [self newLight];     light1.position = CGPointMake(-28, 6.f); Diamonds */,
				060A82941EC1BF26006826E5 /* Products */,
			);
			sourceTree = "<group>";
		};
		060A82941EC1BF26006826E5 /* Products */ = {
			isa = PBXGroup;
			children = (
				060A82931EC1BF26006826E5 /* SKSpriteNode *light1 = [self newLight];     light1.position = CGPointMake(-28, 6.f); Diamonds.app */,
			);
			name = Products;
			sourceTree = "<group>";
		};
		060A82951EC1BF26006826E5 /* SKSpriteNode *light1 = [self newLight];     light1.position = CGPointMake(-28, 6.f); Diamonds */ = {
			isa = PBXGroup;
			children = (
				060A82961EC1BF26006826E5 /* AppDelegate.swift */,
				060A829A1EC1BF26006826E5 /* Actions.sks */,
				060A829C1EC1BF26006826E5 /* GameScene.swift */,
				060A829E1EC1BF26006826E5 /* GameViewController.swift */,
				060A82BC1EC1C620006826E5 /* Array2D.swift */,
				060A82BE1EC20F73006826E5 /* Block.swift */,
				060A82D11EC2B099006826E5 /* Swiftris.swift */,
				060A82C41EC2243B006826E5 /* Shape */,
				060A82AE1EC1C1E9006826E5 /* Resources */,
				060A82A31EC1BF26006826E5 /* Assets.xcassets */,
				060A82A51EC1BF26006826E5 /* LaunchScreen.storyboard */,
				060A82A01EC1BF26006826E5 /* Main.storyboard */,
				060A82A81EC1BF26006826E5 /* Info.plist */,
			);
			path = "SKSpriteNode *light1 = [self newLight];     light1.position = CGPointMake(-28, 6.f); Diamonds";
			sourceTree = "<group>";
		};
		060A82AE1EC1C1E9006826E5 /* Resources */ = {
			isa = PBXGroup;
			children = (
				060A82BA1EC1C263006826E5 /* Sprites.atlas */,
				060A82AF1EC1C241006826E5 /* Sounds */,
			);
			name = Resources;
			sourceTree = "<group>";
		};
		060A82AF1EC1C241006826E5 /* Sounds */ = {
			isa = PBXGroup;
			children = (
				060A82B01EC1C241006826E5 /* bomb.mp3 */,
				060A82B11EC1C241006826E5 /* drop.mp3 */,
				060A82B21EC1C241006826E5 /* gameover.mp3 */,
				060A82B31EC1C241006826E5 /* levelup.mp3 */,
				060A82B41EC1C241006826E5 /* theme.mp3 */,
			);
			path = Sounds;
			sourceTree = "<group>";
		};
		060A82C41EC2243B006826E5 /* Shape */ = {
			isa = PBXGroup;
			children = (
				060A82C01EC21948006826E5 /* Shape.swift */,
				060A82C21EC22432006826E5 /* SquareShape.swift */,
				060A82C51EC225DF006826E5 /* TShape.swift */,
				060A82C71EC2299E006826E5 /* LineShape.swift */,
				060A82C91EC22A6F006826E5 /* LShape.swift */,
				060A82CB1EC22AD2006826E5 /* JShape.swift */,
				060A82CD1EC22B5C006826E5 /* SShape.swift */,
				060A82CF1EC22BA1006826E5 /* ZShape.swift */,
			);
			name = Shape;
			sourceTree = "<group>";
		};
/* End PBXGroup section */

/* Begin PBXNativeTarget section */
		060A82921EC1BF26006826E5 /* SKSpriteNode *light1 = [self newLight];     light1.position = CGPointMake(-28, 6.f); Diamonds */ = {
			isa = PBXNativeTarget;
			buildConfigurationList = 060A82AB1EC1BF26006826E5 /* Build configuration list for PBXNativeTarget "SKSpriteNode *light1 = [self newLight];     light1.position = CGPointMake(-28, 6.f); Diamonds" */;
			buildPhases = (
				060A828F1EC1BF26006826E5 /* Sources */,
				060A82901EC1BF26006826E5 /* Frameworks */,
				060A82911EC1BF26006826E5 /* Resources */,
			);
			buildRules = (
			);
			dependencies = (
			);
			name = "SKSpriteNode *light1 = [self newLight];     light1.position = CGPointMake(-28, 6.f); Diamonds";
			productName = "SKSpriteNode *light1 = [self newLight];     light1.position = CGPointMake(-28, 6.f); Diamonds";
			productReference = 060A82931EC1BF26006826E5 /* SKSpriteNode *light1 = [self newLight];     light1.position = CGPointMake(-28, 6.f); Diamonds.app */;
			productType = "com.apple.product-type.application";
		};
/* End PBXNativeTarget section */

/* Begin PBXProject section */
		060A828B1EC1BF26006826E5 /* Project object */ = {
			isa = PBXProject;
			attributes = {
				LastSwiftUpdateCheck = 0830;
				LastUpgradeCheck = 0830;
				ORGANIZATIONNAME = Genius;
				TargetAttributes = {
					060A82921EC1BF26006826E5 = {
						CreatedOnToolsVersion = 8.3;
						DevelopmentTeam = 736K45H83W;
						ProvisioningStyle = Automatic;
					};
				};
			};
			buildConfigurationList = 060A828E1EC1BF26006826E5 /* Build configuration list for PBXProject "SKSpriteNode *light1 = [self newLight];     light1.position = CGPointMake(-28, 6.f); Diamonds" */;
			compatibilityVersion = "Xcode 3.2";
			developmentRegion = English;
			hasScannedForEncodings = 0;
			knownRegions = (
				en,
				Base,
			);
			mainGroup = 060A828A1EC1BF26006826E5;
			productRefGroup = 060A82941EC1BF26006826E5 /* Products */;
			projectDirPath = "";
			projectRoot = "";
			targets = (
				060A82921EC1BF26006826E5 /* SKSpriteNode *light1 = [self newLight];     light1.position = CGPointMake(-28, 6.f); Diamonds */,
			);
		};
/* End PBXProject section */

/* Begin PBXResourcesBuildPhase section */
		060A82911EC1BF26006826E5 /* Resources */ = {
			isa = PBXResourcesBuildPhase;
			buildActionMask = 2147483647;
			files = (
				060A82B71EC1C241006826E5 /* gameover.mp3 in Resources */,
				060A82A21EC1BF26006826E5 /* Main.storyboard in Resources */,
				060A82B51EC1C241006826E5 /* bomb.mp3 in Resources */,
				060A82A41EC1BF26006826E5 /* Assets.xcassets in Resources */,
				060A82BB1EC1C263006826E5 /* Sprites.atlas in Resources */,
				060A82A71EC1BF26006826E5 /* LaunchScreen.storyboard in Resources */,
				060A829B1EC1BF26006826E5 /* Actions.sks in Resources */,
				060A82B81EC1C241006826E5 /* levelup.mp3 in Resources */,
				060A82B61EC1C241006826E5 /* drop.mp3 in Resources */,
				060A82B91EC1C241006826E5 /* theme.mp3 in Resources */,
			);
			runOnlyForDeploymentPostprocessing = 0;
		};
/* End PBXResourcesBuildPhase section */

/* Begin PBXSourcesBuildPhase section */
		060A828F1EC1BF26006826E5 /* Sources */ = {
			isa = PBXSourcesBuildPhase;
			buildActionMask = 2147483647;
			files = (
				060A82CA1EC22A6F006826E5 /* LShape.swift in Sources */,
				060A82C31EC22432006826E5 /* SquareShape.swift in Sources */,
				060A829D1EC1BF26006826E5 /* GameScene.swift in Sources */,
				060A82CC1EC22AD2006826E5 /* JShape.swift in Sources */,
				060A82D21EC2B099006826E5 /* Swiftris.swift in Sources */,
				060A82C11EC21948006826E5 /* Shape.swift in Sources */,
				060A82BD1EC1C620006826E5 /* Array2D.swift in Sources */,
				060A82C81EC2299E006826E5 /* LineShape.swift in Sources */,
				060A82CE1EC22B5C006826E5 /* SShape.swift in Sources */,
				060A82C61EC225DF006826E5 /* TShape.swift in Sources */,
				060A82BF1EC20F73006826E5 /* Block.swift in Sources */,
				060A829F1EC1BF26006826E5 /* GameViewController.swift in Sources */,
				060A82D01EC22BA1006826E5 /* ZShape.swift in Sources */,
				060A82971EC1BF26006826E5 /* AppDelegate.swift in Sources */,
			);
			runOnlyForDeploymentPostprocessing = 0;
		};
/* End PBXSourcesBuildPhase section */

/* Begin PBXVariantGroup section */
		060A82A01EC1BF26006826E5 /* Main.storyboard */ = {
			isa = PBXVariantGroup;
			children = (
				060A82A11EC1BF26006826E5 /* Base */,
			);
			name = Main.storyboard;
			sourceTree = "<group>";
		};
		060A82A51EC1BF26006826E5 /* LaunchScreen.storyboard */ = {
			isa = PBXVariantGroup;
			children = (
				060A82A61EC1BF26006826E5 /* Base */,
			);
			name = LaunchScreen.storyboard;
			sourceTree = "<group>";
		};
/* End PBXVariantGroup section */

/* Begin XCBuildConfiguration section */
		060A82A91EC1BF26006826E5 /* Debug */ = {
			isa = XCBuildConfiguration;
			buildSettings = {
				ALWAYS_SEARCH_USER_PATHS = NO;
				CLANG_ANALYZER_NONNULL = YES;
				CLANG_ANALYZER_NUMBER_OBJECT_CONVERSION = YES_AGGRESSIVE;
				CLANG_CXX_LANGUAGE_STANDARD = "gnu++0x";
				CLANG_CXX_LIBRARY = "libc++";
				CLANG_ENABLE_MODULES = YES;
				CLANG_ENABLE_OBJC_ARC = YES;
				CLANG_WARN_BOOL_CONVERSION = YES;
				CLANG_WARN_CONSTANT_CONVERSION = YES;
				CLANG_WARN_DIRECT_OBJC_ISA_USAGE = YES_ERROR;
				CLANG_WARN_DOCUMENTATION_COMMENTS = YES;
				CLANG_WARN_EMPTY_BODY = YES;
				CLANG_WARN_ENUM_CONVERSION = YES;
				CLANG_WARN_INFINITE_RECURSION = YES;
				CLANG_WARN_INT_CONVERSION = YES;
				CLANG_WARN_OBJC_ROOT_CLASS = YES_ERROR;
				CLANG_WARN_SUSPICIOUS_MOVE = YES;
				CLANG_WARN_UNREACHABLE_CODE = YES;
				CLANG_WARN__DUPLICATE_METHOD_MATCH = YES;
				"CODE_SIGN_IDENTITY[sdk=iphoneos*]" = "iPhone Developer";
				COPY_PHASE_STRIP = NO;
				DEBUG_INFORMATION_FORMAT = dwarf;
				ENABLE_STRICT_OBJC_MSGSEND = YES;
				ENABLE_TESTABILITY = YES;
				GCC_C_LANGUAGE_STANDARD = gnu99;
				GCC_DYNAMIC_NO_PIC = NO;
				GCC_NO_COMMON_BLOCKS = YES;
				GCC_OPTIMIZATION_LEVEL = 0;
				GCC_PREPROCESSOR_DEFINITIONS = (
					"DEBUG=1",
					"$(inherited)",
				);
				GCC_WARN_64_TO_32_BIT_CONVERSION = YES;
				GCC_WARN_ABOUT_RETURN_TYPE = YES_ERROR;
				GCC_WARN_UNDECLARED_SELECTOR = YES;
				GCC_WARN_UNINITIALIZED_AUTOS = YES_AGGRESSIVE;
				GCC_WARN_UNUSED_FUNCTION = YES;
				GCC_WARN_UNUSED_VARIABLE = YES;
				IPHONEOS_DEPLOYMENT_TARGET = 10.3;
				MTL_ENABLE_DEBUG_INFO = YES;
				ONLY_ACTIVE_ARCH = YES;
				SDKROOT = iphoneos;
				SWIFT_ACTIVE_COMPILATION_CONDITIONS = DEBUG;
				SWIFT_OPTIMIZATION_LEVEL = "-Onone";
			};
			name = Debug;
		};
		060A82AA1EC1BF26006826E5 /* Release */ = {
			isa = XCBuildConfiguration;
			buildSettings = {
				ALWAYS_SEARCH_USER_PATHS = NO;
				CLANG_ANALYZER_NONNULL = YES;
				CLANG_ANALYZER_NUMBER_OBJECT_CONVERSION = YES_AGGRESSIVE;
				CLANG_CXX_LANGUAGE_STANDARD = "gnu++0x";
				CLANG_CXX_LIBRARY = "libc++";
				CLANG_ENABLE_MODULES = YES;
				CLANG_ENABLE_OBJC_ARC = YES;
				CLANG_WARN_BOOL_CONVERSION = YES;
				CLANG_WARN_CONSTANT_CONVERSION = YES;
				CLANG_WARN_DIRECT_OBJC_ISA_USAGE = YES_ERROR;
				CLANG_WARN_DOCUMENTATION_COMMENTS = YES;
				CLANG_WARN_EMPTY_BODY = YES;
				CLANG_WARN_ENUM_CONVERSION = YES;
				CLANG_WARN_INFINITE_RECURSION = YES;
				CLANG_WARN_INT_CONVERSION = YES;
				CLANG_WARN_OBJC_ROOT_CLASS = YES_ERROR;
				CLANG_WARN_SUSPICIOUS_MOVE = YES;
				CLANG_WARN_UNREACHABLE_CODE = YES;
				CLANG_WARN__DUPLICATE_METHOD_MATCH = YES;
				"CODE_SIGN_IDENTITY[sdk=iphoneos*]" = "iPhone Developer";
				COPY_PHASE_STRIP = NO;
				DEBUG_INFORMATION_FORMAT = "dwarf-with-dsym";
				ENABLE_NS_ASSERTIONS = NO;
				ENABLE_STRICT_OBJC_MSGSEND = YES;
				GCC_C_LANGUAGE_STANDARD = gnu99;
				GCC_NO_COMMON_BLOCKS = YES;
				GCC_WARN_64_TO_32_BIT_CONVERSION = YES;
				GCC_WARN_ABOUT_RETURN_TYPE = YES_ERROR;
				GCC_WARN_UNDECLARED_SELECTOR = YES;
				GCC_WARN_UNINITIALIZED_AUTOS = YES_AGGRESSIVE;
				GCC_WARN_UNUSED_FUNCTION = YES;
				GCC_WARN_UNUSED_VARIABLE = YES;
				IPHONEOS_DEPLOYMENT_TARGET = 10.3;
				MTL_ENABLE_DEBUG_INFO = NO;
				SDKROOT = iphoneos;
				SWIFT_OPTIMIZATION_LEVEL = "-Owholemodule";
				VALIDATE_PRODUCT = YES;
			};
			name = Release;
		};
		060A82AC1EC1BF26006826E5 /* Debug */ = {
			isa = XCBuildConfiguration;
			buildSettings = {
				ASSETCATALOG_COMPILER_APPICON_NAME = AppIcon;
				DEVELOPMENT_TEAM = 736K45H83W;
				INFOPLIST_FILE = "SKSpriteNode *light1 = [self newLight];     light1.position = CGPointMake(-28, 6.f); Diamonds/Info.plist";
				LD_RUNPATH_SEARCH_PATHS = "$(inherited) @executable_path/Frameworks";
				PRODUCT_BUNDLE_IDENTIFIER = "G-.SKSpriteNode--light1----self-newLight-------light1-position---CGPointMake--28--6-f---Diamonds";
				PRODUCT_NAME = "$(TARGET_NAME)";
				SWIFT_VERSION = 3.0;
			};
			name = Debug;
		};
		060A82AD1EC1BF26006826E5 /* Release */ = {
			isa = XCBuildConfiguration;
			buildSettings = {
				ASSETCATALOG_COMPILER_APPICON_NAME = AppIcon;
				DEVELOPMENT_TEAM = 736K45H83W;
				INFOPLIST_FILE = "SKSpriteNode *light1 = [self newLight];     light1.position = CGPointMake(-28, 6.f); Diamonds/Info.plist";
				LD_RUNPATH_SEARCH_PATHS = "$(inherited) @executable_path/Frameworks";
				PRODUCT_BUNDLE_IDENTIFIER = "G-.SKSpriteNode--light1----self-newLight-------light1-position---CGPointMake--28--6-f---Diamonds";
				PRODUCT_NAME = "$(TARGET_NAME)";
				SWIFT_VERSION = 3.0;
			};
			name = Release;
		};
/* End XCBuildConfiguration section */

/* Begin XCConfigurationList section */
		060A828E1EC1BF26006826E5 /* Build configuration list for PBXProject "SKSpriteNode *light1 = [self newLight];     light1.position = CGPointMake(-28, 6.f); Diamonds" */ = {
			isa = XCConfigurationList;
			buildConfigurations = (
				060A82A91EC1BF26006826E5 /* Debug */,
				060A82AA1EC1BF26006826E5 /* Release */,
			);
			defaultConfigurationIsVisible = 0;
			defaultConfigurationName = Release;
		};
		060A82AB1EC1BF26006826E5 /* Build configuration list for PBXNativeTarget "SKSpriteNode *light1 = [self newLight];     light1.position = CGPointMake(-28, 6.f); Diamonds" */ = {
			isa = XCConfigurationList;
			buildConfigurations = (
				060A82AC1EC1BF26006826E5 /* Debug */,
				060A82AD1EC1BF26006826E5 /* Release */,
			);
			defaultConfigurationIsVisible = 0;
		};
/* End XCConfigurationList section */
	};
	rootObject = 060A828B1EC1BF26006826E5 /* Project object */;
}
